
Microsoft Visual Studio Solution File, Format Version 12.00
# Visual Studio Version 16
VisualStudioVersion = 16.0.31005.135
MinimumVisualStudioVersion = 10.0.40219.1
Project("{9A19103F-16F7-4668-BE54-9A1E7A4F7556}") = "WebAPISampleProjectAPI", "..\WebAPISampleProjectAPI\WebAPISampleProjectAPI.csproj", "{BD73F06B-7E5F-45A8-B8A0-A8E2A7E08D99}"
EndProject
Global
	GlobalSection(SolutionConfigurationPlatforms) = preSolution
		Debug|Any CPU = Debug|Any CPU
		Release|Any CPU = Release|Any CPU
	EndGlobalSection
	GlobalSection(ProjectConfigurationPlatforms) = postSolution
		{BD73F06B-7E5F-45A8-B8A0-A8E2A7E08D99}.Debug|Any CPU.ActiveCfg = Debug|Any CPU
		{BD73F06B-7E5F-45A8-B8A0-A8E2A7E08D99}.Debug|Any CPU.Build.0 = Debug|Any CPU
		{BD73F06B-7E5F-45A8-B8A0-A8E2A7E08D99}.Release|Any CPU.ActiveCfg = Release|Any CPU
		{BD73F06B-7E5F-45A8-B8A0-A8E2A7E08D99}.Release|Any CPU.Build.0 = Release|Any CPU
	EndGlobalSection
	GlobalSection(SolutionProperties) = preSolution
		HideSolutionNode = FALSE
	EndGlobalSection
	GlobalSection(ExtensibilityGlobals) = postSolution
		SolutionGuid = {94CB3394-8F2F-43DE-A295-0B9A93F746CD}
	EndGlobalSection
EndGlobal
